
Microsoft Visual Studio Solution File, Format Version 12.00
# Visual Studio Version 16
VisualStudioVersion = 16.0.30611.23
MinimumVisualStudioVersion = 15.0.26124.0
Project("{FAE04EC0-301F-11D3-BF4B-00C04F79EFBC}") = "KeycloakSample.Objects", "Objects/KeycloakSample.Objects.csproj", "eeaf8cae-c454-450c-9ef1-c582e3db6fd1"
EndProject
Project("{FAE04EC0-301F-11D3-BF4B-00C04F79EFBC}") = "KeycloakSample.Tests", "Tests/KeycloakSample.Tests.csproj", "0939b026-d1eb-44e9-9832-45d33fd50539"
EndProject
Project("{FAE04EC0-301F-11D3-BF4B-00C04F79EFBC}") = "KeycloakSample.ODataBackend", "ODataBackend/KeycloakSample.ODataBackend.csproj", "69ebea57-c3fa-4401-9199-cfb86d9f473c"
EndProject
Project("{FAE04EC0-301F-11D3-BF4B-00C04F79EFBC}") = "KeycloakSample.IntegrationTests", "IntegrationTests/KeycloakSample.IntegrationTests.csproj", "18032bc7-cc83-491a-9113-ebf98ea47a15"
EndProject
Global
	GlobalSection(SolutionConfigurationPlatforms) = preSolution
Debug|Any CPU = Debug|Any CPU
Release|Any CPU = Release|Any CPU
	EndGlobalSection
	GlobalSection(ProjectConfigurationPlatforms) = postSolution
		eeaf8cae-c454-450c-9ef1-c582e3db6fd1.Debug|Any CPU.ActiveCfg = Debug|Any CPU
		eeaf8cae-c454-450c-9ef1-c582e3db6fd1.Debug|Any CPU.Build.0 = Debug|Any CPU
		eeaf8cae-c454-450c-9ef1-c582e3db6fd1.Release|Any CPU.ActiveCfg = Release|Any CPU
		eeaf8cae-c454-450c-9ef1-c582e3db6fd1.Release|Any CPU.Build.0 = Release|Any CPU
		0939b026-d1eb-44e9-9832-45d33fd50539.Debug|Any CPU.ActiveCfg = Debug|Any CPU
		0939b026-d1eb-44e9-9832-45d33fd50539.Debug|Any CPU.Build.0 = Debug|Any CPU
		0939b026-d1eb-44e9-9832-45d33fd50539.Release|Any CPU.ActiveCfg = Release|Any CPU
		0939b026-d1eb-44e9-9832-45d33fd50539.Release|Any CPU.Build.0 = Release|Any CPU
		69ebea57-c3fa-4401-9199-cfb86d9f473c.Debug|Any CPU.ActiveCfg = Debug|Any CPU
		69ebea57-c3fa-4401-9199-cfb86d9f473c.Debug|Any CPU.Build.0 = Debug|Any CPU
		69ebea57-c3fa-4401-9199-cfb86d9f473c.Release|Any CPU.ActiveCfg = Release|Any CPU
		69ebea57-c3fa-4401-9199-cfb86d9f473c.Release|Any CPU.Build.0 = Release|Any CPU
		18032bc7-cc83-491a-9113-ebf98ea47a15.Debug|Any CPU.ActiveCfg = Debug|Any CPU
		18032bc7-cc83-491a-9113-ebf98ea47a15.Debug|Any CPU.Build.0 = Debug|Any CPU
		18032bc7-cc83-491a-9113-ebf98ea47a15.Release|Any CPU.ActiveCfg = Release|Any CPU
		18032bc7-cc83-491a-9113-ebf98ea47a15.Release|Any CPU.Build.0 = Release|Any CPU
	EndGlobalSection
	GlobalSection(SolutionProperties) = preSolution
		HideSolutionNode = FALSE
	EndGlobalSection
EndGlobal
